
Microsoft Visual Studio Solution File, Format Version 12.00
# Visual Studio 14
VisualStudioVersion = 14.0.23107.0
MinimumVisualStudioVersion = 10.0.40219.1
Project("{2150E333-8FDC-42A3-9474-1A3956D46DE8}") = "Infrastructure", "Infrastructure", "{5701198F-E0C5-4670-892F-495F5D347221}"
EndProject
Project("{FAE04EC0-301F-11D3-BF4B-00C04F79EFBC}") = "SideWinder Demo", "SideWinder Demo\SideWinder Demo.csproj", "{5D22A1E1-4042-4A14-9F4A-B7FBC43EE432}"
EndProject
Project("{2150E333-8FDC-42A3-9474-1A3956D46DE8}") = "Solution Items", "Solution Items", "{B6AEC113-B90C-4101-B708-3416AEA5B3DB}"
	ProjectSection(SolutionItems) = preProject
		..\README.md = ..\README.md
	EndProjectSection
EndProject
Project("{FAE04EC0-301F-11D3-BF4B-00C04F79EFBC}") = "Dijkstra Demo", "Dijkstra Demo\Dijkstra Demo.csproj", "{726B1DF2-7EAC-47B1-9B83-F401A7285ED8}"
EndProject
Project("{FAE04EC0-301F-11D3-BF4B-00C04F79EFBC}") = "Core", "Core\Core.csproj", "{5C612031-80FA-4A14-A12F-0189A4744352}"
EndProject
Project("{FAE04EC0-301F-11D3-BF4B-00C04F79EFBC}") = "Algorithms", "Algorithms\Algorithms.csproj", "{D160B9A6-1DDB-40BB-A8BB-B66A76CA33BD}"
EndProject
Project("{FAE04EC0-301F-11D3-BF4B-00C04F79EFBC}") = "Binary Tree Demo", "Binary Tree Demo\Binary Tree Demo.csproj", "{BD85336F-AA99-49CE-B508-76C1F946AECB}"
EndProject
Project("{2150E333-8FDC-42A3-9474-1A3956D46DE8}") = "Maze Demos", "Maze Demos", "{05C79038-4F93-4190-B5DE-3AFFBE15F75F}"
EndProject
Project("{FAE04EC0-301F-11D3-BF4B-00C04F79EFBC}") = "Dijkstra Longest Path Demo", "Dijkstra Longest Path Demo\Dijkstra Longest Path Demo.csproj", "{5C8D307E-830A-4C2B-AD43-F85D79F225B5}"
EndProject
Project("{FAE04EC0-301F-11D3-BF4B-00C04F79EFBC}") = "Aldous Broder Demo", "Aldous Broder Demo\Aldous Broder Demo.csproj", "{B8E9ABB9-83F7-41E3-9AB0-A223389EDEF5}"
EndProject
Project("{FAE04EC0-301F-11D3-BF4B-00C04F79EFBC}") = "Hunt And Kill Demo", "Hunt And Kill Demo\Hunt And Kill Demo.csproj", "{08037D5C-7E23-4B48-B29A-2523283A0D28}"
EndProject
Project("{FAE04EC0-301F-11D3-BF4B-00C04F79EFBC}") = "Deadend Counts", "Deadend Counts\Deadend Counts.csproj", "{D768C68A-F05D-4568-A1F7-FFC67EEA1DA9}"
EndProject
Project("{FAE04EC0-301F-11D3-BF4B-00C04F79EFBC}") = "Recursive Backtracker Demo", "Recursive Backtracker Demo\Recursive Backtracker Demo.csproj", "{EFAF810D-3224-4741-993A-49B6CFD211A1}"
EndProject
Project("{FAE04EC0-301F-11D3-BF4B-00C04F79EFBC}") = "Simple Mask Demo", "Simple Mask Demo\Simple Mask Demo.csproj", "{C798B1B2-3419-4509-A953-E8B348C85827}"
EndProject
Project("{FAE04EC0-301F-11D3-BF4B-00C04F79EFBC}") = "Mask From File Demo", "Mask From File Demo\Mask From File Demo.csproj", "{3EED8ED1-08B6-4BA2-8FB4-E2D0A684401D}"
EndProject
Project("{FAE04EC0-301F-11D3-BF4B-00C04F79EFBC}") = "Kruskals Demo", "Kruskals Demo\Kruskals Demo.csproj", "{32E93032-6C34-48DC-9BF3-63F08AECF004}"
EndProject
Global
	GlobalSection(SolutionConfigurationPlatforms) = preSolution
		Debug|Any CPU = Debug|Any CPU
		Release|Any CPU = Release|Any CPU
	EndGlobalSection
	GlobalSection(ProjectConfigurationPlatforms) = postSolution
		{5D22A1E1-4042-4A14-9F4A-B7FBC43EE432}.Debug|Any CPU.ActiveCfg = Debug|Any CPU
		{5D22A1E1-4042-4A14-9F4A-B7FBC43EE432}.Debug|Any CPU.Build.0 = Debug|Any CPU
		{5D22A1E1-4042-4A14-9F4A-B7FBC43EE432}.Release|Any CPU.ActiveCfg = Release|Any CPU
		{5D22A1E1-4042-4A14-9F4A-B7FBC43EE432}.Release|Any CPU.Build.0 = Release|Any CPU
		{726B1DF2-7EAC-47B1-9B83-F401A7285ED8}.Debug|Any CPU.ActiveCfg = Debug|Any CPU
		{726B1DF2-7EAC-47B1-9B83-F401A7285ED8}.Debug|Any CPU.Build.0 = Debug|Any CPU
		{726B1DF2-7EAC-47B1-9B83-F401A7285ED8}.Release|Any CPU.ActiveCfg = Release|Any CPU
		{726B1DF2-7EAC-47B1-9B83-F401A7285ED8}.Release|Any CPU.Build.0 = Release|Any CPU
		{5C612031-80FA-4A14-A12F-0189A4744352}.Debug|Any CPU.ActiveCfg = Debug|Any CPU
		{5C612031-80FA-4A14-A12F-0189A4744352}.Debug|Any CPU.Build.0 = Debug|Any CPU
		{5C612031-80FA-4A14-A12F-0189A4744352}.Release|Any CPU.ActiveCfg = Release|Any CPU
		{5C612031-80FA-4A14-A12F-0189A4744352}.Release|Any CPU.Build.0 = Release|Any CPU
		{D160B9A6-1DDB-40BB-A8BB-B66A76CA33BD}.Debug|Any CPU.ActiveCfg = Debug|Any CPU
		{D160B9A6-1DDB-40BB-A8BB-B66A76CA33BD}.Debug|Any CPU.Build.0 = Debug|Any CPU
		{D160B9A6-1DDB-40BB-A8BB-B66A76CA33BD}.Release|Any CPU.ActiveCfg = Release|Any CPU
		{D160B9A6-1DDB-40BB-A8BB-B66A76CA33BD}.Release|Any CPU.Build.0 = Release|Any CPU
		{BD85336F-AA99-49CE-B508-76C1F946AECB}.Debug|Any CPU.ActiveCfg = Debug|Any CPU
		{BD85336F-AA99-49CE-B508-76C1F946AECB}.Debug|Any CPU.Build.0 = Debug|Any CPU
		{BD85336F-AA99-49CE-B508-76C1F946AECB}.Release|Any CPU.ActiveCfg = Release|Any CPU
		{BD85336F-AA99-49CE-B508-76C1F946AECB}.Release|Any CPU.Build.0 = Release|Any CPU
		{5C8D307E-830A-4C2B-AD43-F85D79F225B5}.Debug|Any CPU.ActiveCfg = Debug|Any CPU
		{5C8D307E-830A-4C2B-AD43-F85D79F225B5}.Debug|Any CPU.Build.0 = Debug|Any CPU
		{5C8D307E-830A-4C2B-AD43-F85D79F225B5}.Release|Any CPU.ActiveCfg = Release|Any CPU
		{5C8D307E-830A-4C2B-AD43-F85D79F225B5}.Release|Any CPU.Build.0 = Release|Any CPU
		{B8E9ABB9-83F7-41E3-9AB0-A223389EDEF5}.Debug|Any CPU.ActiveCfg = Debug|Any CPU
		{B8E9ABB9-83F7-41E3-9AB0-A223389EDEF5}.Debug|Any CPU.Build.0 = Debug|Any CPU
		{B8E9ABB9-83F7-41E3-9AB0-A223389EDEF5}.Release|Any CPU.ActiveCfg = Release|Any CPU
		{B8E9ABB9-83F7-41E3-9AB0-A223389EDEF5}.Release|Any CPU.Build.0 = Release|Any CPU
		{08037D5C-7E23-4B48-B29A-2523283A0D28}.Debug|Any CPU.ActiveCfg = Debug|Any CPU
		{08037D5C-7E23-4B48-B29A-2523283A0D28}.Debug|Any CPU.Build.0 = Debug|Any CPU
		{08037D5C-7E23-4B48-B29A-2523283A0D28}.Release|Any CPU.ActiveCfg = Release|Any CPU
		{08037D5C-7E23-4B48-B29A-2523283A0D28}.Release|Any CPU.Build.0 = Release|Any CPU
		{D768C68A-F05D-4568-A1F7-FFC67EEA1DA9}.Debug|Any CPU.ActiveCfg = Debug|Any CPU
		{D768C68A-F05D-4568-A1F7-FFC67EEA1DA9}.Debug|Any CPU.Build.0 = Debug|Any CPU
		{D768C68A-F05D-4568-A1F7-FFC67EEA1DA9}.Release|Any CPU.ActiveCfg = Release|Any CPU
		{D768C68A-F05D-4568-A1F7-FFC67EEA1DA9}.Release|Any CPU.Build.0 = Release|Any CPU
		{EFAF810D-3224-4741-993A-49B6CFD211A1}.Debug|Any CPU.ActiveCfg = Debug|Any CPU
		{EFAF810D-3224-4741-993A-49B6CFD211A1}.Debug|Any CPU.Build.0 = Debug|Any CPU
		{EFAF810D-3224-4741-993A-49B6CFD211A1}.Release|Any CPU.ActiveCfg = Release|Any CPU
		{EFAF810D-3224-4741-993A-49B6CFD211A1}.Release|Any CPU.Build.0 = Release|Any CPU
		{C798B1B2-3419-4509-A953-E8B348C85827}.Debug|Any CPU.ActiveCfg = Debug|Any CPU
		{C798B1B2-3419-4509-A953-E8B348C85827}.Debug|Any CPU.Build.0 = Debug|Any CPU
		{C798B1B2-3419-4509-A953-E8B348C85827}.Release|Any CPU.ActiveCfg = Release|Any CPU
		{C798B1B2-3419-4509-A953-E8B348C85827}.Release|Any CPU.Build.0 = Release|Any CPU
		{3EED8ED1-08B6-4BA2-8FB4-E2D0A684401D}.Debug|Any CPU.ActiveCfg = Debug|Any CPU
		{3EED8ED1-08B6-4BA2-8FB4-E2D0A684401D}.Debug|Any CPU.Build.0 = Debug|Any CPU
		{3EED8ED1-08B6-4BA2-8FB4-E2D0A684401D}.Release|Any CPU.ActiveCfg = Release|Any CPU
		{3EED8ED1-08B6-4BA2-8FB4-E2D0A684401D}.Release|Any CPU.Build.0 = Release|Any CPU
		{32E93032-6C34-48DC-9BF3-63F08AECF004}.Debug|Any CPU.ActiveCfg = Debug|Any CPU
		{32E93032-6C34-48DC-9BF3-63F08AECF004}.Debug|Any CPU.Build.0 = Debug|Any CPU
		{32E93032-6C34-48DC-9BF3-63F08AECF004}.Release|Any CPU.ActiveCfg = Release|Any CPU
		{32E93032-6C34-48DC-9BF3-63F08AECF004}.Release|Any CPU.Build.0 = Release|Any CPU
	EndGlobalSection
	GlobalSection(SolutionProperties) = preSolution
		HideSolutionNode = FALSE
	EndGlobalSection
	GlobalSection(NestedProjects) = preSolution
		{5D22A1E1-4042-4A14-9F4A-B7FBC43EE432} = {05C79038-4F93-4190-B5DE-3AFFBE15F75F}
		{726B1DF2-7EAC-47B1-9B83-F401A7285ED8} = {05C79038-4F93-4190-B5DE-3AFFBE15F75F}
		{5C612031-80FA-4A14-A12F-0189A4744352} = {5701198F-E0C5-4670-892F-495F5D347221}
		{D160B9A6-1DDB-40BB-A8BB-B66A76CA33BD} = {5701198F-E0C5-4670-892F-495F5D347221}
		{BD85336F-AA99-49CE-B508-76C1F946AECB} = {05C79038-4F93-4190-B5DE-3AFFBE15F75F}
		{5C8D307E-830A-4C2B-AD43-F85D79F225B5} = {05C79038-4F93-4190-B5DE-3AFFBE15F75F}
		{B8E9ABB9-83F7-41E3-9AB0-A223389EDEF5} = {05C79038-4F93-4190-B5DE-3AFFBE15F75F}
		{08037D5C-7E23-4B48-B29A-2523283A0D28} = {05C79038-4F93-4190-B5DE-3AFFBE15F75F}
		{D768C68A-F05D-4568-A1F7-FFC67EEA1DA9} = {05C79038-4F93-4190-B5DE-3AFFBE15F75F}
		{EFAF810D-3224-4741-993A-49B6CFD211A1} = {05C79038-4F93-4190-B5DE-3AFFBE15F75F}
		{C798B1B2-3419-4509-A953-E8B348C85827} = {05C79038-4F93-4190-B5DE-3AFFBE15F75F}
		{3EED8ED1-08B6-4BA2-8FB4-E2D0A684401D} = {05C79038-4F93-4190-B5DE-3AFFBE15F75F}
		{32E93032-6C34-48DC-9BF3-63F08AECF004} = {05C79038-4F93-4190-B5DE-3AFFBE15F75F}
	EndGlobalSection
EndGlobal
